
Microsoft Visual Studio Solution File, Format Version 12.00
# Visual Studio Version 17
VisualStudioVersion = 17.9.34723.18
MinimumVisualStudioVersion = 10.0.40219.1
Project("{9A19103F-16F7-4668-BE54-9A1E7A4F7556}") = "Spotify", "Spotify\Spotify.csproj", "{B51AD7C3-A54E-4813-95EA-97074631EE98}"
EndProject
Global
	GlobalSection(SolutionConfigurationPlatforms) = preSolution
		Debug|Any CPU = Debug|Any CPU
		Release|Any CPU = Release|Any CPU
	EndGlobalSection
	GlobalSection(ProjectConfigurationPlatforms) = postSolution
		{B51AD7C3-A54E-4813-95EA-97074631EE98}.Debug|Any CPU.ActiveCfg = Debug|Any CPU
		{B51AD7C3-A54E-4813-95EA-97074631EE98}.Debug|Any CPU.Build.0 = Debug|Any CPU
		{B51AD7C3-A54E-4813-95EA-97074631EE98}.Release|Any CPU.ActiveCfg = Release|Any CPU
		{B51AD7C3-A54E-4813-95EA-97074631EE98}.Release|Any CPU.Build.0 = Release|Any CPU
	EndGlobalSection
	GlobalSection(SolutionProperties) = preSolution
		HideSolutionNode = FALSE
	EndGlobalSection
	GlobalSection(ExtensibilityGlobals) = postSolution
		SolutionGuid = {FB85C895-CADB-4A89-953E-9FE701366DE6}
	EndGlobalSection
EndGlobal
